// !$*UTF8*$!
{
	archiveVersion = 1;
	classes = {
	};
	objectVersion = 52;
	objects = {

/* Begin PBXBuildFile section */
		7E47F21224585F4D002C740D /* AppDelegate.swift in Sources */ = {isa = PBXBuildFile; fileRef = 7E47F21124585F4D002C740D /* AppDelegate.swift */; };
		7E47F21424585F4D002C740D /* SceneDelegate.swift in Sources */ = {isa = PBXBuildFile; fileRef = 7E47F21324585F4D002C740D /* SceneDelegate.swift */; };
		7E47F21624585F4D002C740D /* ViewController.swift in Sources */ = {isa = PBXBuildFile; fileRef = 7E47F21524585F4D002C740D /* ViewController.swift */; };
		7E47F21924585F4D002C740D /* Main.storyboard in Resources */ = {isa = PBXBuildFile; fileRef = 7E47F21724585F4D002C740D /* Main.storyboard */; };
		7E47F21B24585F55002C740D /* Assets.xcassets in Resources */ = {isa = PBXBuildFile; fileRef = 7E47F21A24585F55002C740D /* Assets.xcassets */; };
		7E47F21E24585F55002C740D /* LaunchScreen.storyboard in Resources */ = {isa = PBXBuildFile; fileRef = 7E47F21C24585F55002C740D /* LaunchScreen.storyboard */; };
		7E47F22624585F91002C740D /* Razorpay.xcframework in Frameworks */ = {isa = PBXBuildFile; fileRef = 7E47F22524585F91002C740D /* Razorpay.xcframework */; };
/* End PBXBuildFile section */

/* Begin PBXFileReference section */
		7E47F20E24585F4D002C740D /* emandateCutomUI.app */ = {isa = PBXFileReference; explicitFileType = wrapper.application; includeInIndex = 0; path = emandateCutomUI.app; sourceTree = BUILT_PRODUCTS_DIR; };
		7E47F21124585F4D002C740D /* AppDelegate.swift */ = {isa = PBXFileReference; lastKnownFileType = sourcecode.swift; path = AppDelegate.swift; sourceTree = "<group>"; };
		7E47F21324585F4D002C740D /* SceneDelegate.swift */ = {isa = PBXFileReference; lastKnownFileType = sourcecode.swift; path = SceneDelegate.swift; sourceTree = "<group>"; };
		7E47F21524585F4D002C740D /* ViewController.swift */ = {isa = PBXFileReference; lastKnownFileType = sourcecode.swift; path = ViewController.swift; sourceTree = "<group>"; };
		7E47F21824585F4D002C740D /* Base */ = {isa = PBXFileReference; lastKnownFileType = file.storyboard; name = Base; path = Base.lproj/Main.storyboard; sourceTree = "<group>"; };
		7E47F21A24585F55002C740D /* Assets.xcassets */ = {isa = PBXFileReference; lastKnownFileType = folder.assetcatalog; path = Assets.xcassets; sourceTree = "<group>"; };
		7E47F21D24585F55002C740D /* Base */ = {isa = PBXFileReference; lastKnownFileType = file.storyboard; name = Base; path = Base.lproj/LaunchScreen.storyboard; sourceTree = "<group>"; };
		7E47F21F24585F55002C740D /* Info.plist */ = {isa = PBXFileReference; lastKnownFileType = text.plist.xml; path = Info.plist; sourceTree = "<group>"; };
		7E47F22524585F91002C740D /* Razorpay.xcframework */ = {isa = PBXFileReference; lastKnownFileType = wrapper.xcframework; path = Razorpay.xcframework; sourceTree = "<group>"; };
/* End PBXFileReference section */

/* Begin PBXFrameworksBuildPhase section */
		7E47F20B24585F4D002C740D /* Frameworks */ = {
			isa = PBXFrameworksBuildPhase;
			buildActionMask = 2147483647;
			files = (
				7E47F22624585F91002C740D /* Razorpay.xcframework in Frameworks */,
			);
			runOnlyForDeploymentPostprocessing = 0;
		};
/* End PBXFrameworksBuildPhase section */

/* Begin PBXGroup section */
		7E47F20524585F4D002C740D = {
			isa = PBXGroup;
			children = (
				7E47F22524585F91002C740D /* Razorpay.xcframework */,
				7E47F21024585F4D002C740D /* emandateCutomUI */,
				7E47F20F24585F4D002C740D /* Products */,
			);
			sourceTree = "<group>";
		};
		7E47F20F24585F4D002C740D /* Products */ = {
			isa = PBXGroup;
			children = (
				7E47F20E24585F4D002C740D /* emandateCutomUI.app */,
			);
			name = Products;
			sourceTree = "<group>";
		};
		7E47F21024585F4D002C740D /* emandateCutomUI */ = {
			isa = PBXGroup;
			children = (
				7E47F21124585F4D002C740D /* AppDelegate.swift */,
				7E47F21324585F4D002C740D /* SceneDelegate.swift */,
				7E47F21524585F4D002C740D /* ViewController.swift */,
				7E47F21724585F4D002C740D /* Main.storyboard */,
				7E47F21A24585F55002C740D /* Assets.xcassets */,
				7E47F21C24585F55002C740D /* LaunchScreen.storyboard */,
				7E47F21F24585F55002C740D /* Info.plist */,
			);
			path = emandateCutomUI;
			sourceTree = "<group>";
		};
/* End PBXGroup section */

/* Begin PBXNativeTarget section */
		7E47F20D24585F4D002C740D /* emandateCutomUI */ = {
			isa = PBXNativeTarget;
			buildConfigurationList = 7E47F22224585F55002C740D /* Build configuration list for PBXNativeTarget "emandateCutomUI" */;
			buildPhases = (
				7E47F20A24585F4D002C740D /* Sources */,
				7E47F20B24585F4D002C740D /* Frameworks */,
				7E47F20C24585F4D002C740D /* Resources */,
			);
			buildRules = (
			);
			dependencies = (
			);
			name = emandateCutomUI;
			productName = emandateCutomUI;
			productReference = 7E47F20E24585F4D002C740D /* emandateCutomUI.app */;
			productType = "com.apple.product-type.application";
		};
/* End PBXNativeTarget section */

/* Begin PBXProject section */
		7E47F20624585F4D002C740D /* Project object */ = {
			isa = PBXProject;
			attributes = {
				LastSwiftUpdateCheck = 1140;
				LastUpgradeCheck = 1140;
				ORGANIZATIONNAME = "Praveen Girish Nadumani";
				TargetAttributes = {
					7E47F20D24585F4D002C740D = {
						CreatedOnToolsVersion = 11.4;
					};
				};
			};
			buildConfigurationList = 7E47F20924585F4D002C740D /* Build configuration list for PBXProject "emandateCutomUI" */;
			compatibilityVersion = "Xcode 9.3";
			developmentRegion = en;
			hasScannedForEncodings = 0;
			knownRegions = (
				en,
				Base,
			);
			mainGroup = 7E47F20524585F4D002C740D;
			productRefGroup = 7E47F20F24585F4D002C740D /* Products */;
			projectDirPath = "";
			projectRoot = "";
			targets = (
				7E47F20D24585F4D002C740D /* emandateCutomUI */,
			);
		};
/* End PBXProject section */

/* Begin PBXResourcesBuildPhase section */
		7E47F20C24585F4D002C740D /* Resources */ = {
			isa = PBXResourcesBuildPhase;
			buildActionMask = 2147483647;
			files = (
				7E47F21E24585F55002C740D /* LaunchScreen.storyboard in Resources */,
				7E47F21B24585F55002C740D /* Assets.xcassets in Resources */,
				7E47F21924585F4D002C740D /* Main.storyboard in Resources */,
			);
			runOnlyForDeploymentPostprocessing = 0;
		};
/* End PBXResourcesBuildPhase section */

/* Begin PBXSourcesBuildPhase section */
		7E47F20A24585F4D002C740D /* Sources */ = {
			isa = PBXSourcesBuildPhase;
			buildActionMask = 2147483647;
			files = (
				7E47F21624585F4D002C740D /* ViewController.swift in Sources */,
				7E47F21224585F4D002C740D /* AppDelegate.swift in Sources */,
				7E47F21424585F4D002C740D /* SceneDelegate.swift in Sources */,
			);
			runOnlyForDeploymentPostprocessing = 0;
		};
/* End PBXSourcesBuildPhase section */

/* Begin PBXVariantGroup section */
		7E47F21724585F4D002C740D /* Main.storyboard */ = {
			isa = PBXVariantGroup;
			children = (
				7E47F21824585F4D002C740D /* Base */,
			);
			name = Main.storyboard;
			sourceTree = "<group>";
		};
		7E47F21C24585F55002C740D /* LaunchScreen.storyboard */ = {
			isa = PBXVariantGroup;
			children = (
				7E47F21D24585F55002C740D /* Base */,
			);
			name = LaunchScreen.storyboard;
			sourceTree = "<group>";
		};
/* End PBXVariantGroup section */

/* Begin XCBuildConfiguration section */
		7E47F22024585F55002C740D /* Debug */ = {
			isa = XCBuildConfiguration;
			buildSettings = {
				ALWAYS_SEARCH_USER_PATHS = NO;
				CLANG_ANALYZER_NONNULL = YES;
				CLANG_ANALYZER_NUMBER_OBJECT_CONVERSION = YES_AGGRESSIVE;
				CLANG_CXX_LANGUAGE_STANDARD = "gnu++14";
				CLANG_CXX_LIBRARY = "libc++";
				CLANG_ENABLE_MODULES = YES;
				CLANG_ENABLE_OBJC_ARC = YES;
				CLANG_ENABLE_OBJC_WEAK = YES;
				CLANG_WARN_BLOCK_CAPTURE_AUTORELEASING = YES;
				CLANG_WARN_BOOL_CONVERSION = YES;
				CLANG_WARN_COMMA = YES;
				CLANG_WARN_CONSTANT_CONVERSION = YES;
				CLANG_WARN_DEPRECATED_OBJC_IMPLEMENTATIONS = YES;
				CLANG_WARN_DIRECT_OBJC_ISA_USAGE = YES_ERROR;
				CLANG_WARN_DOCUMENTATION_COMMENTS = YES;
				CLANG_WARN_EMPTY_BODY = YES;
				CLANG_WARN_ENUM_CONVERSION = YES;
				CLANG_WARN_INFINITE_RECURSION = YES;
				CLANG_WARN_INT_CONVERSION = YES;
				CLANG_WARN_NON_LITERAL_NULL_CONVERSION = YES;
				CLANG_WARN_OBJC_IMPLICIT_RETAIN_SELF = YES;
				CLANG_WARN_OBJC_LITERAL_CONVERSION = YES;
				CLANG_WARN_OBJC_ROOT_CLASS = YES_ERROR;
				CLANG_WARN_RANGE_LOOP_ANALYSIS = YES;
				CLANG_WARN_STRICT_PROTOTYPES = YES;
				CLANG_WARN_SUSPICIOUS_MOVE = YES;
				CLANG_WARN_UNGUARDED_AVAILABILITY = YES_AGGRESSIVE;
				CLANG_WARN_UNREACHABLE_CODE = YES;
				CLANG_WARN__DUPLICATE_METHOD_MATCH = YES;
				COPY_PHASE_STRIP = NO;
				DEBUG_INFORMATION_FORMAT = dwarf;
				ENABLE_STRICT_OBJC_MSGSEND = YES;
				ENABLE_TESTABILITY = YES;
				GCC_C_LANGUAGE_STANDARD = gnu11;
				GCC_DYNAMIC_NO_PIC = NO;
				GCC_NO_COMMON_BLOCKS = YES;
				GCC_OPTIMIZATION_LEVEL = 0;
				GCC_PREPROCESSOR_DEFINITIONS = (
					"DEBUG=1",
					"$(inherited)",
				);
				GCC_WARN_64_TO_32_BIT_CONVERSION = YES;
				GCC_WARN_ABOUT_RETURN_TYPE = YES_ERROR;
				GCC_WARN_UNDECLARED_SELECTOR = YES;
				GCC_WARN_UNINITIALIZED_AUTOS = YES_AGGRESSIVE;
				GCC_WARN_UNUSED_FUNCTION = YES;
				GCC_WARN_UNUSED_VARIABLE = YES;
				IPHONEOS_DEPLOYMENT_TARGET = 13.4;
				MTL_ENABLE_DEBUG_INFO = INCLUDE_SOURCE;
				MTL_FAST_MATH = YES;
				ONLY_ACTIVE_ARCH = YES;
				SDKROOT = iphoneos;
				SWIFT_ACTIVE_COMPILATION_CONDITIONS = DEBUG;
				SWIFT_OPTIMIZATION_LEVEL = "-Onone";
			};
			name = Debug;
		};
		7E47F22124585F55002C740D /* Release */ = {
			isa = XCBuildConfiguration;
			buildSettings = {
				ALWAYS_SEARCH_USER_PATHS = NO;
				CLANG_ANALYZER_NONNULL = YES;
				CLANG_ANALYZER_NUMBER_OBJECT_CONVERSION = YES_AGGRESSIVE;
				CLANG_CXX_LANGUAGE_STANDARD = "gnu++14";
				CLANG_CXX_LIBRARY = "libc++";
				CLANG_ENABLE_MODULES = YES;
				CLANG_ENABLE_OBJC_ARC = YES;
				CLANG_ENABLE_OBJC_WEAK = YES;
				CLANG_WARN_BLOCK_CAPTURE_AUTORELEASING = YES;
				CLANG_WARN_BOOL_CONVERSION = YES;
				CLANG_WARN_COMMA = YES;
				CLANG_WARN_CONSTANT_CONVERSION = YES;
				CLANG_WARN_DEPRECATED_OBJC_IMPLEMENTATIONS = YES;
				CLANG_WARN_DIRECT_OBJC_ISA_USAGE = YES_ERROR;
				CLANG_WARN_DOCUMENTATION_COMMENTS = YES;
				CLANG_WARN_EMPTY_BODY = YES;
				CLANG_WARN_ENUM_CONVERSION = YES;
				CLANG_WARN_INFINITE_RECURSION = YES;
				CLANG_WARN_INT_CONVERSION = YES;
				CLANG_WARN_NON_LITERAL_NULL_CONVERSION = YES;
				CLANG_WARN_OBJC_IMPLICIT_RETAIN_SELF = YES;
				CLANG_WARN_OBJC_LITERAL_CONVERSION = YES;
				CLANG_WARN_OBJC_ROOT_CLASS = YES_ERROR;
				CLANG_WARN_RANGE_LOOP_ANALYSIS = YES;
				CLANG_WARN_STRICT_PROTOTYPES = YES;
				CLANG_WARN_SUSPICIOUS_MOVE = YES;
				CLANG_WARN_UNGUARDED_AVAILABILITY = YES_AGGRESSIVE;
				CLANG_WARN_UNREACHABLE_CODE = YES;
				CLANG_WARN__DUPLICATE_METHOD_MATCH = YES;
				COPY_PHASE_STRIP = NO;
				DEBUG_INFORMATION_FORMAT = "dwarf-with-dsym";
				ENABLE_NS_ASSERTIONS = NO;
				ENABLE_STRICT_OBJC_MSGSEND = YES;
				GCC_C_LANGUAGE_STANDARD = gnu11;
				GCC_NO_COMMON_BLOCKS = YES;
				GCC_WARN_64_TO_32_BIT_CONVERSION = YES;
				GCC_WARN_ABOUT_RETURN_TYPE = YES_ERROR;
				GCC_WARN_UNDECLARED_SELECTOR = YES;
				GCC_WARN_UNINITIALIZED_AUTOS = YES_AGGRESSIVE;
				GCC_WARN_UNUSED_FUNCTION = YES;
				GCC_WARN_UNUSED_VARIABLE = YES;
				IPHONEOS_DEPLOYMENT_TARGET = 13.4;
				MTL_ENABLE_DEBUG_INFO = NO;
				MTL_FAST_MATH = YES;
				SDKROOT = iphoneos;
				SWIFT_COMPILATION_MODE = wholemodule;
				SWIFT_OPTIMIZATION_LEVEL = "-O";
				VALIDATE_PRODUCT = YES;
			};
			name = Release;
		};
		7E47F22324585F55002C740D /* Debug */ = {
			isa = XCBuildConfiguration;
			buildSettings = {
				ASSETCATALOG_COMPILER_APPICON_NAME = AppIcon;
				CODE_SIGN_STYLE = Automatic;
				INFOPLIST_FILE = emandateCutomUI/Info.plist;
				LD_RUNPATH_SEARCH_PATHS = (
					"$(inherited)",
					"@executable_path/Frameworks",
				);
				PRODUCT_BUNDLE_IDENTIFIER = example.Razorpay.emandateCutomUI;
				PRODUCT_NAME = "$(TARGET_NAME)";
				SWIFT_VERSION = 5.0;
				TARGETED_DEVICE_FAMILY = "1,2";
			};
			name = Debug;
		};
		7E47F22424585F55002C740D /* Release */ = {
			isa = XCBuildConfiguration;
			buildSettings = {
				ASSETCATALOG_COMPILER_APPICON_NAME = AppIcon;
				CODE_SIGN_STYLE = Automatic;
				INFOPLIST_FILE = emandateCutomUI/Info.plist;
				LD_RUNPATH_SEARCH_PATHS = (
					"$(inherited)",
					"@executable_path/Frameworks",
				);
				PRODUCT_BUNDLE_IDENTIFIER = example.Razorpay.emandateCutomUI;
				PRODUCT_NAME = "$(TARGET_NAME)";
				SWIFT_VERSION = 5.0;
				TARGETED_DEVICE_FAMILY = "1,2";
			};
			name = Release;
		};
/* End XCBuildConfiguration section */

/* Begin XCConfigurationList section */
		7E47F20924585F4D002C740D /* Build configuration list for PBXProject "emandateCutomUI" */ = {
			isa = XCConfigurationList;
			buildConfigurations = (
				7E47F22024585F55002C740D /* Debug */,
				7E47F22124585F55002C740D /* Release */,
			);
			defaultConfigurationIsVisible = 0;
			defaultConfigurationName = Release;
		};
		7E47F22224585F55002C740D /* Build configuration list for PBXNativeTarget "emandateCutomUI" */ = {
			isa = XCConfigurationList;
			buildConfigurations = (
				7E47F22324585F55002C740D /* Debug */,
				7E47F22424585F55002C740D /* Release */,
			);
			defaultConfigurationIsVisible = 0;
			defaultConfigurationName = Release;
		};
/* End XCConfigurationList section */
	};
	rootObject = 7E47F20624585F4D002C740D /* Project object */;
}
